
Microsoft Visual Studio Solution File, Format Version 12.00
# Visual Studio Version 17
VisualStudioVersion = 17.8.34511.84
MinimumVisualStudioVersion = 10.0.40219.1
Project("{FAE04EC0-301F-11D3-BF4B-00C04F79EFBC}") = "TaskR", "TaskR.csproj", "{4045302E-06B8-40BB-9EC9-3F6BB57F0BDD}"
EndProject
Project("{2150E333-8FDC-42A3-9474-1A3956D46DE8}") = "Solution Items", "Solution Items", "{982056E6-4594-47D3-B821-7AA41BCB6ACE}"
	ProjectSection(SolutionItems) = preProject
		docker-compose.yml = docker-compose.yml
	EndProjectSection
EndProject
Project("{FAE04EC0-301F-11D3-BF4B-00C04F79EFBC}") = "TaskrIntegration", "..\TaskrIntegration\TaskrIntegration.csproj", "{3D2E1AD4-638F-41F8-8D08-F37A9D48F6E5}"
EndProject
Global
	GlobalSection(SolutionConfigurationPlatforms) = preSolution
		Debug|Any CPU = Debug|Any CPU
		Release|Any CPU = Release|Any CPU
	EndGlobalSection
	GlobalSection(ProjectConfigurationPlatforms) = postSolution
		{4045302E-06B8-40BB-9EC9-3F6BB57F0BDD}.Debug|Any CPU.ActiveCfg = Debug|Any CPU
		{4045302E-06B8-40BB-9EC9-3F6BB57F0BDD}.Debug|Any CPU.Build.0 = Debug|Any CPU
		{4045302E-06B8-40BB-9EC9-3F6BB57F0BDD}.Release|Any CPU.ActiveCfg = Release|Any CPU
		{4045302E-06B8-40BB-9EC9-3F6BB57F0BDD}.Release|Any CPU.Build.0 = Release|Any CPU
		{3D2E1AD4-638F-41F8-8D08-F37A9D48F6E5}.Debug|Any CPU.ActiveCfg = Debug|Any CPU
		{3D2E1AD4-638F-41F8-8D08-F37A9D48F6E5}.Debug|Any CPU.Build.0 = Debug|Any CPU
		{3D2E1AD4-638F-41F8-8D08-F37A9D48F6E5}.Release|Any CPU.ActiveCfg = Release|Any CPU
		{3D2E1AD4-638F-41F8-8D08-F37A9D48F6E5}.Release|Any CPU.Build.0 = Release|Any CPU
	EndGlobalSection
	GlobalSection(SolutionProperties) = preSolution
		HideSolutionNode = FALSE
	EndGlobalSection
	GlobalSection(ExtensibilityGlobals) = postSolution
		SolutionGuid = {0E3822E1-7155-4F36-9728-EA84B880979C}
	EndGlobalSection
EndGlobal
